
Microsoft Visual Studio Solution File, Format Version 12.00
# Visual Studio 2012
Project("{FAE04EC0-301F-11D3-BF4B-00C04F79EFBC}") = "EdgeNote", "EdgeNote.csproj", "{D7D93DE3-452E-4CCA-99BB-0FA34B179F89}"
EndProject
Project("{FAE04EC0-301F-11D3-BF4B-00C04F79EFBC}") = "EdgeNote.iOS", "iOS\EdgeNote.iOS.csproj", "{D8C47652-8E4D-459F-802A-359393F24418}"
EndProject
Project("{FAE04EC0-301F-11D3-BF4B-00C04F79EFBC}") = "EdgeNote.Droid", "Droid\EdgeNote.Droid.csproj", "{B1FBF0F9-52FC-426B-9A1D-A81CECC6243C}"
EndProject
Global
	GlobalSection(SolutionConfigurationPlatforms) = preSolution
		Debug|Any CPU = Debug|Any CPU
		Release|Any CPU = Release|Any CPU
		Debug|iPhoneSimulator = Debug|iPhoneSimulator
		Release|iPhone = Release|iPhone
		Release|iPhoneSimulator = Release|iPhoneSimulator
		Debug|iPhone = Debug|iPhone
	EndGlobalSection
	GlobalSection(ProjectConfigurationPlatforms) = postSolution
		{D7D93DE3-452E-4CCA-99BB-0FA34B179F89}.Debug|Any CPU.ActiveCfg = Debug|Any CPU
		{D7D93DE3-452E-4CCA-99BB-0FA34B179F89}.Debug|Any CPU.Build.0 = Debug|Any CPU
		{D7D93DE3-452E-4CCA-99BB-0FA34B179F89}.Release|Any CPU.ActiveCfg = Release|Any CPU
		{D7D93DE3-452E-4CCA-99BB-0FA34B179F89}.Release|Any CPU.Build.0 = Release|Any CPU
		{D7D93DE3-452E-4CCA-99BB-0FA34B179F89}.Debug|iPhoneSimulator.ActiveCfg = Debug|Any CPU
		{D7D93DE3-452E-4CCA-99BB-0FA34B179F89}.Debug|iPhoneSimulator.Build.0 = Debug|Any CPU
		{D7D93DE3-452E-4CCA-99BB-0FA34B179F89}.Release|iPhone.ActiveCfg = Release|Any CPU
		{D7D93DE3-452E-4CCA-99BB-0FA34B179F89}.Release|iPhone.Build.0 = Release|Any CPU
		{D7D93DE3-452E-4CCA-99BB-0FA34B179F89}.Release|iPhoneSimulator.ActiveCfg = Release|Any CPU
		{D7D93DE3-452E-4CCA-99BB-0FA34B179F89}.Release|iPhoneSimulator.Build.0 = Release|Any CPU
		{D7D93DE3-452E-4CCA-99BB-0FA34B179F89}.Debug|iPhone.ActiveCfg = Debug|Any CPU
		{D7D93DE3-452E-4CCA-99BB-0FA34B179F89}.Debug|iPhone.Build.0 = Debug|Any CPU
		{D8C47652-8E4D-459F-802A-359393F24418}.Debug|Any CPU.ActiveCfg = Debug|iPhoneSimulator
		{D8C47652-8E4D-459F-802A-359393F24418}.Debug|Any CPU.Build.0 = Debug|iPhoneSimulator
		{D8C47652-8E4D-459F-802A-359393F24418}.Release|Any CPU.ActiveCfg = Release|iPhone
		{D8C47652-8E4D-459F-802A-359393F24418}.Release|Any CPU.Build.0 = Release|iPhone
		{D8C47652-8E4D-459F-802A-359393F24418}.Debug|iPhoneSimulator.ActiveCfg = Debug|iPhoneSimulator
		{D8C47652-8E4D-459F-802A-359393F24418}.Debug|iPhoneSimulator.Build.0 = Debug|iPhoneSimulator
		{D8C47652-8E4D-459F-802A-359393F24418}.Release|iPhone.ActiveCfg = Release|iPhone
		{D8C47652-8E4D-459F-802A-359393F24418}.Release|iPhone.Build.0 = Release|iPhone
		{D8C47652-8E4D-459F-802A-359393F24418}.Release|iPhoneSimulator.ActiveCfg = Release|iPhoneSimulator
		{D8C47652-8E4D-459F-802A-359393F24418}.Release|iPhoneSimulator.Build.0 = Release|iPhoneSimulator
		{D8C47652-8E4D-459F-802A-359393F24418}.Debug|iPhone.ActiveCfg = Debug|iPhone
		{D8C47652-8E4D-459F-802A-359393F24418}.Debug|iPhone.Build.0 = Debug|iPhone
		{B1FBF0F9-52FC-426B-9A1D-A81CECC6243C}.Debug|Any CPU.ActiveCfg = Debug|Any CPU
		{B1FBF0F9-52FC-426B-9A1D-A81CECC6243C}.Debug|Any CPU.Build.0 = Debug|Any CPU
		{B1FBF0F9-52FC-426B-9A1D-A81CECC6243C}.Release|Any CPU.ActiveCfg = Release|Any CPU
		{B1FBF0F9-52FC-426B-9A1D-A81CECC6243C}.Release|Any CPU.Build.0 = Release|Any CPU
		{B1FBF0F9-52FC-426B-9A1D-A81CECC6243C}.Debug|iPhoneSimulator.ActiveCfg = Debug|Any CPU
		{B1FBF0F9-52FC-426B-9A1D-A81CECC6243C}.Debug|iPhoneSimulator.Build.0 = Debug|Any CPU
		{B1FBF0F9-52FC-426B-9A1D-A81CECC6243C}.Release|iPhone.ActiveCfg = Release|Any CPU
		{B1FBF0F9-52FC-426B-9A1D-A81CECC6243C}.Release|iPhone.Build.0 = Release|Any CPU
		{B1FBF0F9-52FC-426B-9A1D-A81CECC6243C}.Release|iPhoneSimulator.ActiveCfg = Release|Any CPU
		{B1FBF0F9-52FC-426B-9A1D-A81CECC6243C}.Release|iPhoneSimulator.Build.0 = Release|Any CPU
		{B1FBF0F9-52FC-426B-9A1D-A81CECC6243C}.Debug|iPhone.ActiveCfg = Debug|Any CPU
		{B1FBF0F9-52FC-426B-9A1D-A81CECC6243C}.Debug|iPhone.Build.0 = Debug|Any CPU
	EndGlobalSection
	GlobalSection(MonoDevelopProperties) = preSolution
		Policies = $0
		$0.DotNetNamingPolicy = $1
		$1.DirectoryNamespaceAssociation = PrefixedHierarchical
		$1.ResourceNamePolicy = FileFormatDefault
		$0.StandardHeader = $2
		$2.Text = 
		$2.IncludeInNewFiles = True
		$0.NameConventionPolicy = $3
		$3.Rules = $4
		$4.NamingRule = $5
		$5.Name = Type Parameters
		$5.AffectedEntity = TypeParameter
		$5.VisibilityMask = VisibilityMask
		$5.NamingStyle = PascalCase
		$5.IncludeInstanceMembers = True
		$5.IncludeStaticEntities = True
		$5.RequiredPrefixes = $6
		$6.String = T
		$5.RequiredSuffixes = $7
		$7.String = Exception
		$0.VersionControlPolicy = $8
		$8.inheritsSet = Mono
		$0.TextStylePolicy = $9
		$9.FileWidth = 120
		$9.inheritsSet = VisualStudio
		$9.inheritsScope = text/plain
		$9.scope = text/x-csharp
		$0.CSharpFormattingPolicy = $10
		$10.IndentSwitchSection = True
		$10.NewLinesForBracesInProperties = True
		$10.NewLinesForBracesInAccessors = True
		$10.NewLinesForBracesInAnonymousMethods = True
		$10.NewLinesForBracesInControlBlocks = True
		$10.NewLinesForBracesInAnonymousTypes = True
		$10.NewLinesForBracesInObjectCollectionArrayInitializers = True
		$10.NewLinesForBracesInLambdaExpressionBody = True
		$10.NewLineForElse = True
		$10.NewLineForCatch = True
		$10.NewLineForFinally = True
		$10.NewLineForMembersInObjectInit = True
		$10.NewLineForMembersInAnonymousTypes = True
		$10.NewLineForClausesInQuery = True
		$10.SpacingAfterMethodDeclarationName = False
		$10.SpaceAfterMethodCallName = False
		$10.SpaceBeforeOpenSquareBracket = False
		$10.inheritsSet = Mono
		$10.inheritsScope = text/x-csharp
		$10.scope = text/x-csharp
	EndGlobalSection
EndGlobal
